
Microsoft Visual Studio Solution File, Format Version 12.00
# Visual Studio 15
VisualStudioVersion = 15.0.28307.421
MinimumVisualStudioVersion = 10.0.40219.1
Project("{FAE04EC0-301F-11D3-BF4B-00C04F79EFBC}") = "WebApiAvalith", "WebApiAvalith\WebApiAvalith.csproj", "{62C7D805-A1FC-4E91-A875-844E6845B784}"
EndProject
Global
	GlobalSection(SolutionConfigurationPlatforms) = preSolution
		Debug|Any CPU = Debug|Any CPU
		Release|Any CPU = Release|Any CPU
	EndGlobalSection
	GlobalSection(ProjectConfigurationPlatforms) = postSolution
		{62C7D805-A1FC-4E91-A875-844E6845B784}.Debug|Any CPU.ActiveCfg = Debug|Any CPU
		{62C7D805-A1FC-4E91-A875-844E6845B784}.Debug|Any CPU.Build.0 = Debug|Any CPU
		{62C7D805-A1FC-4E91-A875-844E6845B784}.Release|Any CPU.ActiveCfg = Release|Any CPU
		{62C7D805-A1FC-4E91-A875-844E6845B784}.Release|Any CPU.Build.0 = Release|Any CPU
	EndGlobalSection
	GlobalSection(SolutionProperties) = preSolution
		HideSolutionNode = FALSE
	EndGlobalSection
	GlobalSection(ExtensibilityGlobals) = postSolution
		SolutionGuid = {3B8BF6EB-B421-4524-883D-8A03B1DB92C8}
	EndGlobalSection
EndGlobal
